github.com/gorilla/mux v1.8.1 h1:TuBL49tXwgrFYWhqrNgrUNEY92u81SPhu7sTdzQEiWY=
github.com/gorilla/mux v1.8.1/go.mod h1:AKf9I4AEqPTmMytcMc0KkNouC66V3BtZ4qD5fmWSiMQ=
go.temporal.io/sdk v1.39.0 h1:+rtLK8BtT+0+b0DiSdgeQIFkONrLIUqjNfiIxMPF8VA=
go.temporal.io/sdk v1.39.0/go.mod h1:ESULA8dXvbPtw53DunYBgZFswk7RB4/8AcVXq5oSe+s=
